
Microsoft Visual Studio Solution File, Format Version 12.00
# Visual Studio Version 17
VisualStudioVersion = 17.3.32825.248
MinimumVisualStudioVersion = 10.0.40219.1
Project("{FAE04EC0-301F-11D3-BF4B-00C04F79EFBC}") = "BaslerCameraVisual", "BaslerCameraVisual.csproj", "{4FCDF792-0BE4-4955-A7DA-716897211699}"
EndProject
Global
	GlobalSection(SolutionConfigurationPlatforms) = preSolution
		Debug|Any CPU = Debug|Any CPU
		Release|Any CPU = Release|Any CPU
	EndGlobalSection
	GlobalSection(ProjectConfigurationPlatforms) = postSolution
		{4FCDF792-0BE4-4955-A7DA-716897211699}.Debug|Any CPU.ActiveCfg = Debug|Any CPU
		{4FCDF792-0BE4-4955-A7DA-716897211699}.Debug|Any CPU.Build.0 = Debug|Any CPU
		{4FCDF792-0BE4-4955-A7DA-716897211699}.Release|Any CPU.ActiveCfg = Release|Any CPU
		{4FCDF792-0BE4-4955-A7DA-716897211699}.Release|Any CPU.Build.0 = Release|Any CPU
	EndGlobalSection
	GlobalSection(SolutionProperties) = preSolution
		HideSolutionNode = FALSE
	EndGlobalSection
	GlobalSection(ExtensibilityGlobals) = postSolution
		SolutionGuid = {8533C881-9608-4F99-BC60-BB1735D3C817}
	EndGlobalSection
EndGlobal
